
Microsoft Visual Studio Solution File, Format Version 12.00
# Visual Studio Version 16
VisualStudioVersion = 16.0.30320.27
MinimumVisualStudioVersion = 10.0.40219.1
Project("{FAE04EC0-301F-11D3-BF4B-00C04F79EFBC}") = "HuntingGame", "HuntingGame\HuntingGame.csproj", "{91448A87-45BB-4699-847A-127DCF7C13A1}"
EndProject
Global
	GlobalSection(SolutionConfigurationPlatforms) = preSolution
		Debug|Any CPU = Debug|Any CPU
		Release|Any CPU = Release|Any CPU
	EndGlobalSection
	GlobalSection(ProjectConfigurationPlatforms) = postSolution
		{91448A87-45BB-4699-847A-127DCF7C13A1}.Debug|Any CPU.ActiveCfg = Debug|Any CPU
		{91448A87-45BB-4699-847A-127DCF7C13A1}.Debug|Any CPU.Build.0 = Debug|Any CPU
		{91448A87-45BB-4699-847A-127DCF7C13A1}.Release|Any CPU.ActiveCfg = Release|Any CPU
		{91448A87-45BB-4699-847A-127DCF7C13A1}.Release|Any CPU.Build.0 = Release|Any CPU
	EndGlobalSection
	GlobalSection(SolutionProperties) = preSolution
		HideSolutionNode = FALSE
	EndGlobalSection
	GlobalSection(ExtensibilityGlobals) = postSolution
		SolutionGuid = {B0CD8FD0-B39B-48CF-A490-66ABB962C5C7}
	EndGlobalSection
EndGlobal
